
Microsoft Visual Studio Solution File, Format Version 12.00
# Visual Studio Version 17
VisualStudioVersion = 17.4.33213.308
MinimumVisualStudioVersion = 10.0.40219.1
Project("{FAE04EC0-301F-11D3-BF4B-00C04F79EFBC}") = "Week4Loops", "Week4Loops\Week4Loops.csproj", "{42033815-0B6A-48FA-89A7-C3E443D3D7AD}"
EndProject
Project("{FAE04EC0-301F-11D3-BF4B-00C04F79EFBC}") = "ForLoopSum", "ForLoopSum\ForLoopSum.csproj", "{BA1FFD4E-CFDE-416A-97F7-FF5D5CFA4805}"
EndProject
Project("{FAE04EC0-301F-11D3-BF4B-00C04F79EFBC}") = "RandomNumber", "RandomNumber\RandomNumber.csproj", "{8D0B312C-E7D2-40F3-A277-210367BCE9FB}"
EndProject
Project("{FAE04EC0-301F-11D3-BF4B-00C04F79EFBC}") = "WhileLoops", "WhileLoops\WhileLoops.csproj", "{6FAA5020-7540-43BF-82E9-0F557E856B7F}"
EndProject
Global
	GlobalSection(SolutionConfigurationPlatforms) = preSolution
		Debug|Any CPU = Debug|Any CPU
		Release|Any CPU = Release|Any CPU
	EndGlobalSection
	GlobalSection(ProjectConfigurationPlatforms) = postSolution
		{42033815-0B6A-48FA-89A7-C3E443D3D7AD}.Debug|Any CPU.ActiveCfg = Debug|Any CPU
		{42033815-0B6A-48FA-89A7-C3E443D3D7AD}.Debug|Any CPU.Build.0 = Debug|Any CPU
		{42033815-0B6A-48FA-89A7-C3E443D3D7AD}.Release|Any CPU.ActiveCfg = Release|Any CPU
		{42033815-0B6A-48FA-89A7-C3E443D3D7AD}.Release|Any CPU.Build.0 = Release|Any CPU
		{BA1FFD4E-CFDE-416A-97F7-FF5D5CFA4805}.Debug|Any CPU.ActiveCfg = Debug|Any CPU
		{BA1FFD4E-CFDE-416A-97F7-FF5D5CFA4805}.Debug|Any CPU.Build.0 = Debug|Any CPU
		{BA1FFD4E-CFDE-416A-97F7-FF5D5CFA4805}.Release|Any CPU.ActiveCfg = Release|Any CPU
		{BA1FFD4E-CFDE-416A-97F7-FF5D5CFA4805}.Release|Any CPU.Build.0 = Release|Any CPU
		{8D0B312C-E7D2-40F3-A277-210367BCE9FB}.Debug|Any CPU.ActiveCfg = Debug|Any CPU
		{8D0B312C-E7D2-40F3-A277-210367BCE9FB}.Debug|Any CPU.Build.0 = Debug|Any CPU
		{8D0B312C-E7D2-40F3-A277-210367BCE9FB}.Release|Any CPU.ActiveCfg = Release|Any CPU
		{8D0B312C-E7D2-40F3-A277-210367BCE9FB}.Release|Any CPU.Build.0 = Release|Any CPU
		{6FAA5020-7540-43BF-82E9-0F557E856B7F}.Debug|Any CPU.ActiveCfg = Debug|Any CPU
		{6FAA5020-7540-43BF-82E9-0F557E856B7F}.Debug|Any CPU.Build.0 = Debug|Any CPU
		{6FAA5020-7540-43BF-82E9-0F557E856B7F}.Release|Any CPU.ActiveCfg = Release|Any CPU
		{6FAA5020-7540-43BF-82E9-0F557E856B7F}.Release|Any CPU.Build.0 = Release|Any CPU
	EndGlobalSection
	GlobalSection(SolutionProperties) = preSolution
		HideSolutionNode = FALSE
	EndGlobalSection
	GlobalSection(ExtensibilityGlobals) = postSolution
		SolutionGuid = {05A6F804-2755-4540-851B-BBCFDF112FAD}
	EndGlobalSection
EndGlobal
